{
  "nodes": {
    "chaotic": {
      "inputs": {
        "fenix": "fenix",
        "flake-schemas": "flake-schemas",
        "home-manager": "home-manager",
        "jovian": "jovian",
        "nixpkgs": "nixpkgs"
      },
      "locked": {
        "lastModified": 1739040445,
        "narHash": "sha256-GY24J4kpdrQlM9Ba5oCPKF8oJnwzic/lnY/0A+NtIJE=",
        "owner": "chaotic-cx",
        "repo": "nyx",
        "rev": "a4c58e0ac0aaf1fb4e81e2c00df9c6bfd65eed6c",
        "type": "github"
      },
      "original": {
        "owner": "chaotic-cx",
        "ref": "nyxpkgs-unstable",
        "repo": "nyx",
        "type": "github"
      }
    },
    "disko": {
      "inputs": {
        "nixpkgs": [
          "nixpkgs"
        ]
      },
      "locked": {
        "lastModified": 1738765162,
        "narHash": "sha256-3Z40qHaFScWUCVQrGc4Y+RdoPsh1R/wIh+AN4cTXP0I=",
        "owner": "nix-community",
        "repo": "disko",
        "rev": "ff3568858c54bd306e9e1f2886f0f781df307dff",
        "type": "github"
      },
      "original": {
        "owner": "nix-community",
        "repo": "disko",
        "type": "github"
      }
    },
    "fenix": {
      "inputs": {
        "nixpkgs": [
          "chaotic",
          "nixpkgs"
        ],
        "rust-analyzer-src": "rust-analyzer-src"
      },
      "locked": {
        "lastModified": 1738823732,
        "narHash": "sha256-1NnSYno8qRN5zBF7xhaOn1WmC52qKBh7tEuRaDRFuMs=",
        "owner": "nix-community",
        "repo": "fenix",
        "rev": "17bbc481e3d0cb52a605dd9316043c66ceaa17d7",
        "type": "github"
      },
      "original": {
        "owner": "nix-community",
        "repo": "fenix",
        "type": "github"
      }
    },
    "flake-parts": {
      "inputs": {
        "nixpkgs-lib": [
          "nixpkgs"
        ]
      },
      "locked": {
        "lastModified": 1738453229,
        "narHash": "sha256-7H9XgNiGLKN1G1CgRh0vUL4AheZSYzPm+zmZ7vxbJdo=",
        "owner": "hercules-ci",
        "repo": "flake-parts",
        "rev": "32ea77a06711b758da0ad9bd6a844c5740a87abd",
        "type": "github"
      },
      "original": {
        "owner": "hercules-ci",
        "repo": "flake-parts",
        "type": "github"
      }
    },
    "flake-schemas": {
      "locked": {
        "lastModified": 1721999734,
        "narHash": "sha256-G5CxYeJVm4lcEtaO87LKzOsVnWeTcHGKbKxNamNWgOw=",
        "rev": "0a5c42297d870156d9c57d8f99e476b738dcd982",
        "revCount": 75,
        "type": "tarball",
        "url": "https://api.flakehub.com/f/pinned/DeterminateSystems/flake-schemas/0.1.5/0190ef2f-61e0-794b-ba14-e82f225e55e6/source.tar.gz"
      },
      "original": {
        "type": "tarball",
        "url": "https://flakehub.com/f/DeterminateSystems/flake-schemas/%3D0.1.5.tar.gz"
      }
    },
    "home-manager": {
      "inputs": {
        "nixpkgs": [
          "chaotic",
          "nixpkgs"
        ]
      },
      "locked": {
        "lastModified": 1738841109,
        "narHash": "sha256-sEgE3nifaRU5gfAx33ds0tx/j+qM0/5/bHopv/w6c0c=",
        "owner": "nix-community",
        "repo": "home-manager",
        "rev": "f99c704fe3a4cf8d72b2d568ec80bc38be1a9407",
        "type": "github"
      },
      "original": {
        "owner": "nix-community",
        "repo": "home-manager",
        "type": "github"
      }
    },
    "home-manager_2": {
      "inputs": {
        "nixpkgs": [
          "nixpkgs"
        ]
      },
      "locked": {
        "lastModified": 1739051380,
        "narHash": "sha256-p1QSLO8DJnANY+ppK7fjD8GqfCrEIDjso1CSRHsXL7Y=",
        "owner": "nix-community",
        "repo": "home-manager",
        "rev": "5af1b9a0f193ab6138b89a8e0af8763c21bbf491",
        "type": "github"
      },
      "original": {
        "owner": "nix-community",
        "repo": "home-manager",
        "type": "github"
      }
    },
    "impermanence": {
      "locked": {
        "lastModified": 1737831083,
        "narHash": "sha256-LJggUHbpyeDvNagTUrdhe/pRVp4pnS6wVKALS782gRI=",
        "owner": "nix-community",
        "repo": "impermanence",
        "rev": "4b3e914cdf97a5b536a889e939fb2fd2b043a170",
        "type": "github"
      },
      "original": {
        "owner": "nix-community",
        "repo": "impermanence",
        "type": "github"
      }
    },
    "jovian": {
      "inputs": {
        "nix-github-actions": "nix-github-actions",
        "nixpkgs": [
          "chaotic",
          "nixpkgs"
        ]
      },
      "locked": {
        "lastModified": 1738656811,
        "narHash": "sha256-z7Dzz713ueSQJYSdsWcH+D7o2pbq/sAl7/nBxru5oNA=",
        "owner": "Jovian-Experiments",
        "repo": "Jovian-NixOS",
        "rev": "cd9caf9afb1c8fe848f140a7831fe462b73df91a",
        "type": "github"
      },
      "original": {
        "owner": "Jovian-Experiments",
        "repo": "Jovian-NixOS",
        "type": "github"
      }
    },
    "nix-darwin": {
      "inputs": {
        "nixpkgs": [
          "nixpkgs"
        ]
      },
      "locked": {
        "lastModified": 1739034224,
        "narHash": "sha256-Mj/8jDzh1KNmUhWqEeVlW3hO9MZkxqioJGnmR7rivaE=",
        "owner": "LnL7",
        "repo": "nix-darwin",
        "rev": "0b6f96a6b9efcfa8d3cc8023008bcbcd1b9bc1a4",
        "type": "github"
      },
      "original": {
        "owner": "LnL7",
        "repo": "nix-darwin",
        "type": "github"
      }
    },
    "nix-github-actions": {
      "inputs": {
        "nixpkgs": [
          "chaotic",
          "jovian",
          "nixpkgs"
        ]
      },
      "locked": {
        "lastModified": 1729697500,
        "narHash": "sha256-VFTWrbzDlZyFHHb1AlKRiD/qqCJIripXKiCSFS8fAOY=",
        "owner": "zhaofengli",
        "repo": "nix-github-actions",
        "rev": "e418aeb728b6aa5ca8c5c71974e7159c2df1d8cf",
        "type": "github"
      },
      "original": {
        "owner": "zhaofengli",
        "ref": "matrix-name",
        "repo": "nix-github-actions",
        "type": "github"
      }
    },
    "nixCats": {
      "locked": {
        "lastModified": 1738991100,
        "narHash": "sha256-smTBsgrpagQrPWnOSq4wcz1Q1UJ4denBNPmBAJN2Ol4=",
        "owner": "BirdeeHub",
        "repo": "nixCats-nvim",
        "rev": "54e2cc42dbefb9e152d9584794f5d8d94a20a534",
        "type": "github"
      },
      "original": {
        "owner": "BirdeeHub",
        "repo": "nixCats-nvim",
        "type": "github"
      }
    },
    "nixos-hardware": {
      "locked": {
        "lastModified": 1738816619,
        "narHash": "sha256-5yRlg48XmpcX5b5HesdGMOte+YuCy9rzQkJz+imcu6I=",
        "owner": "NixOS",
        "repo": "nixos-hardware",
        "rev": "2eccff41bab80839b1d25b303b53d339fbb07087",
        "type": "github"
      },
      "original": {
        "owner": "NixOS",
        "repo": "nixos-hardware",
        "type": "github"
      }
    },
    "nixpkgs": {
      "locked": {
        "lastModified": 1739020877,
        "narHash": "sha256-mIvECo/NNdJJ/bXjNqIh8yeoSjVLAuDuTUzAo7dzs8Y=",
        "owner": "NixOS",
        "repo": "nixpkgs",
        "rev": "a79cfe0ebd24952b580b1cf08cd906354996d547",
        "type": "github"
      },
      "original": {
        "owner": "NixOS",
        "ref": "nixos-unstable",
        "repo": "nixpkgs",
        "type": "github"
      }
    },
    "nixpkgs_2": {
      "locked": {
        "lastModified": 1739020877,
        "narHash": "sha256-mIvECo/NNdJJ/bXjNqIh8yeoSjVLAuDuTUzAo7dzs8Y=",
        "owner": "NixOS",
        "repo": "nixpkgs",
        "rev": "a79cfe0ebd24952b580b1cf08cd906354996d547",
        "type": "github"
      },
      "original": {
        "owner": "NixOS",
        "ref": "nixos-unstable",
        "repo": "nixpkgs",
        "type": "github"
      }
    },
    "root": {
      "inputs": {
        "chaotic": "chaotic",
        "disko": "disko",
        "flake-parts": "flake-parts",
        "home-manager": "home-manager_2",
        "impermanence": "impermanence",
        "nix-darwin": "nix-darwin",
        "nixCats": "nixCats",
        "nixos-hardware": "nixos-hardware",
        "nixpkgs": "nixpkgs_2"
      }
    },
    "rust-analyzer-src": {
      "flake": false,
      "locked": {
        "lastModified": 1738754241,
        "narHash": "sha256-hiw8wVE2tTrLPtIz1xSbJ3eEXCOx729kRq7UpMRTaU0=",
        "owner": "rust-lang",
        "repo": "rust-analyzer",
        "rev": "ca47cddc31ae76a05e8709ed4aec805c5ef741d3",
        "type": "github"
      },
      "original": {
        "owner": "rust-lang",
        "ref": "nightly",
        "repo": "rust-analyzer",
        "type": "github"
      }
    }
  },
  "root": "root",
  "version": 7
}
